
Microsoft Visual Studio Solution File, Format Version 12.00
Project("{FAE04EC0-301F-11D3-BF4B-00C04F79EFBC}") = "AspNetBlog", "AspNetBlog\AspNetBlog.csproj", "{A302364B-9E1B-429B-B889-F8F8C849DEF6}"
EndProject
Project("{FAE04EC0-301F-11D3-BF4B-00C04F79EFBC}") = "AspNetBlog.Api", "AspNetBlog.Api\AspNetBlog.Api.csproj", "{F8CAF435-351D-4AD3-98A1-3A26B5C171C4}"
EndProject
Project("{FAE04EC0-301F-11D3-BF4B-00C04F79EFBC}") = "AspNetBlog.Common", "AspNetBlog.Common\AspNetBlog.Common.csproj", "{081E554B-9189-4B76-8295-6F917E47D9A7}"
EndProject
Project("{FAE04EC0-301F-11D3-BF4B-00C04F79EFBC}") = "AspNetBlog.Model", "AspNetBlog.Model\AspNetBlog.Model.csproj", "{DC192716-74FD-44DA-819B-7C122D3236C3}"
EndProject
Project("{FAE04EC0-301F-11D3-BF4B-00C04F79EFBC}") = "AspNetBlog.Repository", "AspNetBlog.Repository\AspNetBlog.Repository.csproj", "{C2C3D262-C5E2-47EC-824D-E0248F5262B4}"
EndProject
Project("{FAE04EC0-301F-11D3-BF4B-00C04F79EFBC}") = "AspNetBlog.IService", "AspNetBlog.IService\AspNetBlog.IService.csproj", "{6BEC01CC-7C82-44A7-8D8C-3FA8BF351D81}"
EndProject
Global
	GlobalSection(SolutionConfigurationPlatforms) = preSolution
		Debug|Any CPU = Debug|Any CPU
		Release|Any CPU = Release|Any CPU
	EndGlobalSection
	GlobalSection(ProjectConfigurationPlatforms) = postSolution
		{A302364B-9E1B-429B-B889-F8F8C849DEF6}.Debug|Any CPU.ActiveCfg = Debug|Any CPU
		{A302364B-9E1B-429B-B889-F8F8C849DEF6}.Debug|Any CPU.Build.0 = Debug|Any CPU
		{A302364B-9E1B-429B-B889-F8F8C849DEF6}.Release|Any CPU.ActiveCfg = Release|Any CPU
		{A302364B-9E1B-429B-B889-F8F8C849DEF6}.Release|Any CPU.Build.0 = Release|Any CPU
		{F8CAF435-351D-4AD3-98A1-3A26B5C171C4}.Debug|Any CPU.ActiveCfg = Debug|Any CPU
		{F8CAF435-351D-4AD3-98A1-3A26B5C171C4}.Debug|Any CPU.Build.0 = Debug|Any CPU
		{F8CAF435-351D-4AD3-98A1-3A26B5C171C4}.Release|Any CPU.ActiveCfg = Release|Any CPU
		{F8CAF435-351D-4AD3-98A1-3A26B5C171C4}.Release|Any CPU.Build.0 = Release|Any CPU
		{081E554B-9189-4B76-8295-6F917E47D9A7}.Debug|Any CPU.ActiveCfg = Debug|Any CPU
		{081E554B-9189-4B76-8295-6F917E47D9A7}.Debug|Any CPU.Build.0 = Debug|Any CPU
		{081E554B-9189-4B76-8295-6F917E47D9A7}.Release|Any CPU.ActiveCfg = Release|Any CPU
		{081E554B-9189-4B76-8295-6F917E47D9A7}.Release|Any CPU.Build.0 = Release|Any CPU
		{DC192716-74FD-44DA-819B-7C122D3236C3}.Debug|Any CPU.ActiveCfg = Debug|Any CPU
		{DC192716-74FD-44DA-819B-7C122D3236C3}.Debug|Any CPU.Build.0 = Debug|Any CPU
		{DC192716-74FD-44DA-819B-7C122D3236C3}.Release|Any CPU.ActiveCfg = Release|Any CPU
		{DC192716-74FD-44DA-819B-7C122D3236C3}.Release|Any CPU.Build.0 = Release|Any CPU
		{C2C3D262-C5E2-47EC-824D-E0248F5262B4}.Debug|Any CPU.ActiveCfg = Debug|Any CPU
		{C2C3D262-C5E2-47EC-824D-E0248F5262B4}.Debug|Any CPU.Build.0 = Debug|Any CPU
		{C2C3D262-C5E2-47EC-824D-E0248F5262B4}.Release|Any CPU.ActiveCfg = Release|Any CPU
		{C2C3D262-C5E2-47EC-824D-E0248F5262B4}.Release|Any CPU.Build.0 = Release|Any CPU
		{6BEC01CC-7C82-44A7-8D8C-3FA8BF351D81}.Debug|Any CPU.ActiveCfg = Debug|Any CPU
		{6BEC01CC-7C82-44A7-8D8C-3FA8BF351D81}.Debug|Any CPU.Build.0 = Debug|Any CPU
		{6BEC01CC-7C82-44A7-8D8C-3FA8BF351D81}.Release|Any CPU.ActiveCfg = Release|Any CPU
		{6BEC01CC-7C82-44A7-8D8C-3FA8BF351D81}.Release|Any CPU.Build.0 = Release|Any CPU
	EndGlobalSection
EndGlobal
